// !$*UTF8*$!
{
	archiveVersion = 1;
	classes = {
	};
	objectVersion = 56;
	objects = {

/* Begin PBXBuildFile section */
		1100000000000001 /* ItaliaPassportApp.swift in Sources */ = {isa = PBXBuildFile; fileRef = 2200000000000001 /* ItaliaPassportApp.swift */; };
		1100000000000002 /* ContentView.swift in Sources */ = {isa = PBXBuildFile; fileRef = 2200000000000002 /* ContentView.swift */; };
		1100000000000003 /* Region.swift in Sources */ = {isa = PBXBuildFile; fileRef = 2200000000000003 /* Region.swift */; };
		1100000000000004 /* Place.swift in Sources */ = {isa = PBXBuildFile; fileRef = 2200000000000004 /* Place.swift */; };
		1100000000000005 /* VisitedPlace.swift in Sources */ = {isa = PBXBuildFile; fileRef = 2200000000000005 /* VisitedPlace.swift */; };
		1100000000000006 /* DataStore.swift in Sources */ = {isa = PBXBuildFile; fileRef = 2200000000000006 /* DataStore.swift */; };
		1100000000000007 /* places.json in Resources */ = {isa = PBXBuildFile; fileRef = 2200000000000007 /* places.json */; };
		1100000000000008 /* LocationService.swift in Sources */ = {isa = PBXBuildFile; fileRef = 2200000000000008 /* LocationService.swift */; };
		1100000000000009 /* AppSettings.swift in Sources */ = {isa = PBXBuildFile; fileRef = 2200000000000009 /* AppSettings.swift */; };
		1100000000000010 /* ProgressBarView.swift in Sources */ = {isa = PBXBuildFile; fileRef = 2200000000000010 /* ProgressBarView.swift */; };
		1100000000000011 /* ConfettiView.swift in Sources */ = {isa = PBXBuildFile; fileRef = 2200000000000011 /* ConfettiView.swift */; };
		1100000000000012 /* ItalyMapView.swift in Sources */ = {isa = PBXBuildFile; fileRef = 2200000000000012 /* ItalyMapView.swift */; };
		1100000000000013 /* RegionShapes.swift in Sources */ = {isa = PBXBuildFile; fileRef = 2200000000000013 /* RegionShapes.swift */; };
		1100000000000014 /* RegionDetailView.swift in Sources */ = {isa = PBXBuildFile; fileRef = 2200000000000014 /* RegionDetailView.swift */; };
		1100000000000015 /* PlaceRowView.swift in Sources */ = {isa = PBXBuildFile; fileRef = 2200000000000015 /* PlaceRowView.swift */; };
		1100000000000016 /* PlaceDetailView.swift in Sources */ = {isa = PBXBuildFile; fileRef = 2200000000000016 /* PlaceDetailView.swift */; };
		1100000000000017 /* ScratchCardView.swift in Sources */ = {isa = PBXBuildFile; fileRef = 2200000000000017 /* ScratchCardView.swift */; };
		1100000000000018 /* MiniMapView.swift in Sources */ = {isa = PBXBuildFile; fileRef = 2200000000000018 /* MiniMapView.swift */; };
		1100000000000019 /* CollectionView.swift in Sources */ = {isa = PBXBuildFile; fileRef = 2200000000000019 /* CollectionView.swift */; };
		1100000000000020 /* BadgeItemView.swift in Sources */ = {isa = PBXBuildFile; fileRef = 2200000000000020 /* BadgeItemView.swift */; };
		1100000000000021 /* SettingsView.swift in Sources */ = {isa = PBXBuildFile; fileRef = 2200000000000021 /* SettingsView.swift */; };
		1100000000000022 /* Assets.xcassets in Resources */ = {isa = PBXBuildFile; fileRef = 2200000000000022 /* Assets.xcassets */; };
/* End PBXBuildFile section */

/* Begin PBXFileReference section */
		3300000000000001 /* ItaliaPassport.app */ = {isa = PBXFileReference; explicitFileType = wrapper.application; includeInIndex = 0; path = ItaliaPassport.app; sourceTree = BUILT_PRODUCTS_DIR; };
		2200000000000001 /* ItaliaPassportApp.swift */ = {isa = PBXFileReference; lastKnownFileType = sourcecode.swift; path = ItaliaPassportApp.swift; sourceTree = "<group>"; };
		2200000000000002 /* ContentView.swift */ = {isa = PBXFileReference; lastKnownFileType = sourcecode.swift; path = ContentView.swift; sourceTree = "<group>"; };
		2200000000000003 /* Region.swift */ = {isa = PBXFileReference; lastKnownFileType = sourcecode.swift; path = Region.swift; sourceTree = "<group>"; };
		2200000000000004 /* Place.swift */ = {isa = PBXFileReference; lastKnownFileType = sourcecode.swift; path = Place.swift; sourceTree = "<group>"; };
		2200000000000005 /* VisitedPlace.swift */ = {isa = PBXFileReference; lastKnownFileType = sourcecode.swift; path = VisitedPlace.swift; sourceTree = "<group>"; };
		2200000000000006 /* DataStore.swift */ = {isa = PBXFileReference; lastKnownFileType = sourcecode.swift; path = DataStore.swift; sourceTree = "<group>"; };
		2200000000000007 /* places.json */ = {isa = PBXFileReference; lastKnownFileType = text.json; path = places.json; sourceTree = "<group>"; };
		2200000000000008 /* LocationService.swift */ = {isa = PBXFileReference; lastKnownFileType = sourcecode.swift; path = LocationService.swift; sourceTree = "<group>"; };
		2200000000000009 /* AppSettings.swift */ = {isa = PBXFileReference; lastKnownFileType = sourcecode.swift; path = AppSettings.swift; sourceTree = "<group>"; };
		2200000000000010 /* ProgressBarView.swift */ = {isa = PBXFileReference; lastKnownFileType = sourcecode.swift; path = ProgressBarView.swift; sourceTree = "<group>"; };
		2200000000000011 /* ConfettiView.swift */ = {isa = PBXFileReference; lastKnownFileType = sourcecode.swift; path = ConfettiView.swift; sourceTree = "<group>"; };
		2200000000000012 /* ItalyMapView.swift */ = {isa = PBXFileReference; lastKnownFileType = sourcecode.swift; path = ItalyMapView.swift; sourceTree = "<group>"; };
		2200000000000013 /* RegionShapes.swift */ = {isa = PBXFileReference; lastKnownFileType = sourcecode.swift; path = RegionShapes.swift; sourceTree = "<group>"; };
		2200000000000014 /* RegionDetailView.swift */ = {isa = PBXFileReference; lastKnownFileType = sourcecode.swift; path = RegionDetailView.swift; sourceTree = "<group>"; };
		2200000000000015 /* PlaceRowView.swift */ = {isa = PBXFileReference; lastKnownFileType = sourcecode.swift; path = PlaceRowView.swift; sourceTree = "<group>"; };
		2200000000000016 /* PlaceDetailView.swift */ = {isa = PBXFileReference; lastKnownFileType = sourcecode.swift; path = PlaceDetailView.swift; sourceTree = "<group>"; };
		2200000000000017 /* ScratchCardView.swift */ = {isa = PBXFileReference; lastKnownFileType = sourcecode.swift; path = ScratchCardView.swift; sourceTree = "<group>"; };
		2200000000000018 /* MiniMapView.swift */ = {isa = PBXFileReference; lastKnownFileType = sourcecode.swift; path = MiniMapView.swift; sourceTree = "<group>"; };
		2200000000000019 /* CollectionView.swift */ = {isa = PBXFileReference; lastKnownFileType = sourcecode.swift; path = CollectionView.swift; sourceTree = "<group>"; };
		2200000000000020 /* BadgeItemView.swift */ = {isa = PBXFileReference; lastKnownFileType = sourcecode.swift; path = BadgeItemView.swift; sourceTree = "<group>"; };
		2200000000000021 /* SettingsView.swift */ = {isa = PBXFileReference; lastKnownFileType = sourcecode.swift; path = SettingsView.swift; sourceTree = "<group>"; };
		2200000000000022 /* Assets.xcassets */ = {isa = PBXFileReference; lastKnownFileType = folder.assetcatalog; path = Assets.xcassets; sourceTree = "<group>"; };
		2200000000000023 /* Info.plist */ = {isa = PBXFileReference; lastKnownFileType = text.plist.xml; path = Info.plist; sourceTree = "<group>"; };
/* End PBXFileReference section */

/* Begin PBXFrameworksBuildPhase section */
		4400000000000001 /* Frameworks */ = {
			isa = PBXFrameworksBuildPhase;
			buildActionMask = 2147483647;
			files = (
			);
			runOnlyForDeploymentPostprocessing = 0;
		};
/* End PBXFrameworksBuildPhase section */

/* Begin PBXGroup section */
		5500000000000001 = {
			isa = PBXGroup;
			children = (
				5500000000000002 /* ItaliaPassport */,
				5500000000000003 /* Products */,
			);
			sourceTree = "<group>";
		};
		5500000000000002 /* ItaliaPassport */ = {
			isa = PBXGroup;
			children = (
				2200000000000001 /* ItaliaPassportApp.swift */,
				2200000000000002 /* ContentView.swift */,
				5500000000000004 /* Models */,
				5500000000000005 /* Data */,
				5500000000000006 /* Services */,
				5500000000000007 /* Views */,
				5500000000000008 /* Components */,
				2200000000000022 /* Assets.xcassets */,
				2200000000000023 /* Info.plist */,
			);
			path = ItaliaPassport;
			sourceTree = "<group>";
		};
		5500000000000003 /* Products */ = {
			isa = PBXGroup;
			children = (
				3300000000000001 /* ItaliaPassport.app */,
			);
			name = Products;
			sourceTree = "<group>";
		};
		5500000000000004 /* Models */ = {
			isa = PBXGroup;
			children = (
				2200000000000003 /* Region.swift */,
				2200000000000004 /* Place.swift */,
				2200000000000005 /* VisitedPlace.swift */,
			);
			path = Models;
			sourceTree = "<group>";
		};
		5500000000000005 /* Data */ = {
			isa = PBXGroup;
			children = (
				2200000000000006 /* DataStore.swift */,
				2200000000000007 /* places.json */,
			);
			path = Data;
			sourceTree = "<group>";
		};
		5500000000000006 /* Services */ = {
			isa = PBXGroup;
			children = (
				2200000000000008 /* LocationService.swift */,
				2200000000000009 /* AppSettings.swift */,
			);
			path = Services;
			sourceTree = "<group>";
		};
		5500000000000007 /* Views */ = {
			isa = PBXGroup;
			children = (
				5500000000000009 /* Map */,
				5500000000000010 /* Region */,
				5500000000000011 /* Place */,
				5500000000000012 /* Collection */,
				5500000000000013 /* Settings */,
			);
			path = Views;
			sourceTree = "<group>";
		};
		5500000000000008 /* Components */ = {
			isa = PBXGroup;
			children = (
				2200000000000010 /* ProgressBarView.swift */,
				2200000000000011 /* ConfettiView.swift */,
			);
			path = Components;
			sourceTree = "<group>";
		};
		5500000000000009 /* Map */ = {
			isa = PBXGroup;
			children = (
				2200000000000012 /* ItalyMapView.swift */,
				2200000000000013 /* RegionShapes.swift */,
			);
			path = Map;
			sourceTree = "<group>";
		};
		5500000000000010 /* Region */ = {
			isa = PBXGroup;
			children = (
				2200000000000014 /* RegionDetailView.swift */,
				2200000000000015 /* PlaceRowView.swift */,
			);
			path = Region;
			sourceTree = "<group>";
		};
		5500000000000011 /* Place */ = {
			isa = PBXGroup;
			children = (
				2200000000000016 /* PlaceDetailView.swift */,
				2200000000000017 /* ScratchCardView.swift */,
				2200000000000018 /* MiniMapView.swift */,
			);
			path = Place;
			sourceTree = "<group>";
		};
		5500000000000012 /* Collection */ = {
			isa = PBXGroup;
			children = (
				2200000000000019 /* CollectionView.swift */,
				2200000000000020 /* BadgeItemView.swift */,
			);
			path = Collection;
			sourceTree = "<group>";
		};
		5500000000000013 /* Settings */ = {
			isa = PBXGroup;
			children = (
				2200000000000021 /* SettingsView.swift */,
			);
			path = Settings;
			sourceTree = "<group>";
		};
/* End PBXGroup section */

/* Begin PBXNativeTarget section */
		6600000000000001 /* ItaliaPassport */ = {
			isa = PBXNativeTarget;
			buildConfigurationList = 7700000000000001 /* Build configuration list for PBXNativeTarget "ItaliaPassport" */;
			buildPhases = (
				6600000000000002 /* Sources */,
				4400000000000001 /* Frameworks */,
				6600000000000003 /* Resources */,
			);
			buildRules = (
			);
			dependencies = (
			);
			name = ItaliaPassport;
			productName = ItaliaPassport;
			productReference = 3300000000000001 /* ItaliaPassport.app */;
			productType = "com.apple.product-type.application";
		};
/* End PBXNativeTarget section */

/* Begin PBXProject section */
		8800000000000001 /* Project object */ = {
			isa = PBXProject;
			attributes = {
				BuildIndependentTargetsInParallel = 1;
				LastSwiftUpdateCheck = 1500;
				LastUpgradeCheck = 1500;
				TargetAttributes = {
					6600000000000001 = {
						CreatedOnToolsVersion = 15.0;
					};
				};
			};
			buildConfigurationList = 7700000000000002 /* Build configuration list for PBXProject "ItaliaPassport" */;
			compatibilityVersion = "Xcode 14.0";
			developmentRegion = it;
			hasScannedForEncodings = 0;
			knownRegions = (
				en,
				it,
				Base,
			);
			mainGroup = 5500000000000001;
			productRefGroup = 5500000000000003 /* Products */;
			projectDirPath = "";
			projectRoot = "";
			targets = (
				6600000000000001 /* ItaliaPassport */,
			);
		};
/* End PBXProject section */

/* Begin PBXResourcesBuildPhase section */
		6600000000000003 /* Resources */ = {
			isa = PBXResourcesBuildPhase;
			buildActionMask = 2147483647;
			files = (
				1100000000000007 /* places.json in Resources */,
				1100000000000022 /* Assets.xcassets in Resources */,
			);
			runOnlyForDeploymentPostprocessing = 0;
		};
/* End PBXResourcesBuildPhase section */

/* Begin PBXSourcesBuildPhase section */
		6600000000000002 /* Sources */ = {
			isa = PBXSourcesBuildPhase;
			buildActionMask = 2147483647;
			files = (
				1100000000000001 /* ItaliaPassportApp.swift in Sources */,
				1100000000000002 /* ContentView.swift in Sources */,
				1100000000000003 /* Region.swift in Sources */,
				1100000000000004 /* Place.swift in Sources */,
				1100000000000005 /* VisitedPlace.swift in Sources */,
				1100000000000006 /* DataStore.swift in Sources */,
				1100000000000008 /* LocationService.swift in Sources */,
				1100000000000009 /* AppSettings.swift in Sources */,
				1100000000000010 /* ProgressBarView.swift in Sources */,
				1100000000000011 /* ConfettiView.swift in Sources */,
				1100000000000012 /* ItalyMapView.swift in Sources */,
				1100000000000013 /* RegionShapes.swift in Sources */,
				1100000000000014 /* RegionDetailView.swift in Sources */,
				1100000000000015 /* PlaceRowView.swift in Sources */,
				1100000000000016 /* PlaceDetailView.swift in Sources */,
				1100000000000017 /* ScratchCardView.swift in Sources */,
				1100000000000018 /* MiniMapView.swift in Sources */,
				1100000000000019 /* CollectionView.swift in Sources */,
				1100000000000020 /* BadgeItemView.swift in Sources */,
				1100000000000021 /* SettingsView.swift in Sources */,
			);
			runOnlyForDeploymentPostprocessing = 0;
		};
/* End PBXSourcesBuildPhase section */

/* Begin XCBuildConfiguration section */
		9900000000000001 /* Debug */ = {
			isa = XCBuildConfiguration;
			buildSettings = {
				ALWAYS_SEARCH_USER_PATHS = NO;
				ASSETCATALOG_COMPILER_GENERATE_SWIFT_ASSET_SYMBOL_EXTENSIONS = YES;
				CLANG_ANALYZER_NONNULL = YES;
				CLANG_ANALYZER_NUMBER_OBJECT_CONVERSION = YES_AGGRESSIVE;
				CLANG_CXX_LANGUAGE_STANDARD = "gnu++20";
				CLANG_ENABLE_MODULES = YES;
				CLANG_ENABLE_OBJC_ARC = YES;
				CLANG_ENABLE_OBJC_WEAK = YES;
				CLANG_WARN_BLOCK_CAPTURE_AUTORELEASING = YES;
				CLANG_WARN_BOOL_CONVERSION = YES;
				CLANG_WARN_COMMA = YES;
				CLANG_WARN_CONSTANT_CONVERSION = YES;
				CLANG_WARN_DEPRECATED_OBJC_IMPLEMENTATIONS = YES;
				CLANG_WARN_DIRECT_OBJC_ISA_USAGE = YES_ERROR;
				CLANG_WARN_DOCUMENTATION_COMMENTS = YES;
				CLANG_WARN_EMPTY_BODY = YES;
				CLANG_WARN_ENUM_CONVERSION = YES;
				CLANG_WARN_INFINITE_RECURSION = YES;
				CLANG_WARN_INT_CONVERSION = YES;
				CLANG_WARN_NON_LITERAL_NULL_CONVERSION = YES;
				CLANG_WARN_OBJC_IMPLICIT_RETAIN_SELF = YES;
				CLANG_WARN_OBJC_LITERAL_CONVERSION = YES;
				CLANG_WARN_OBJC_ROOT_CLASS = YES_ERROR;
				CLANG_WARN_QUOTED_INCLUDE_IN_FRAMEWORK_HEADER = YES;
				CLANG_WARN_RANGE_LOOP_ANALYSIS = YES;
				CLANG_WARN_STRICT_PROTOTYPES = YES;
				CLANG_WARN_SUSPICIOUS_MOVE = YES;
				CLANG_WARN_UNGUARDED_AVAILABILITY = YES_AGGRESSIVE;
				CLANG_WARN_UNREACHABLE_CODE = YES;
				CLANG_WARN__DUPLICATE_METHOD_MATCH = YES;
				COPY_PHASE_STRIP = NO;
				DEBUG_INFORMATION_FORMAT = dwarf;
				ENABLE_STRICT_OBJC_MSGSEND = YES;
				ENABLE_TESTABILITY = YES;
				ENABLE_USER_SCRIPT_SANDBOXING = YES;
				GCC_C_LANGUAGE_STANDARD = gnu17;
				GCC_DYNAMIC_NO_PIC = NO;
				GCC_NO_COMMON_BLOCKS = YES;
				GCC_OPTIMIZATION_LEVEL = 0;
				GCC_PREPROCESSOR_DEFINITIONS = (
					"DEBUG=1",
					"$(inherited)",
				);
				GCC_WARN_64_TO_32_BIT_CONVERSION = YES;
				GCC_WARN_ABOUT_RETURN_TYPE = YES_ERROR;
				GCC_WARN_UNDECLARED_SELECTOR = YES;
				GCC_WARN_UNINITIALIZED_AUTOS = YES_AGGRESSIVE;
				GCC_WARN_UNUSED_FUNCTION = YES;
				GCC_WARN_UNUSED_VARIABLE = YES;
				IPHONEOS_DEPLOYMENT_TARGET = 17.0;
				LOCALIZATION_PREFERS_STRING_CATALOGS = YES;
				MTL_ENABLE_DEBUG_INFO = INCLUDE_SOURCE;
				MTL_FAST_MATH = YES;
				ONLY_ACTIVE_ARCH = YES;
				SDKROOT = iphoneos;
				SWIFT_ACTIVE_COMPILATION_CONDITIONS = "DEBUG $(inherited)";
				SWIFT_OPTIMIZATION_LEVEL = "-Onone";
				SWIFT_VERSION = 5.0;
			};
			name = Debug;
		};
		9900000000000002 /* Release */ = {
			isa = XCBuildConfiguration;
			buildSettings = {
				ALWAYS_SEARCH_USER_PATHS = NO;
				ASSETCATALOG_COMPILER_GENERATE_SWIFT_ASSET_SYMBOL_EXTENSIONS = YES;
				CLANG_ANALYZER_NONNULL = YES;
				CLANG_ANALYZER_NUMBER_OBJECT_CONVERSION = YES_AGGRESSIVE;
				CLANG_CXX_LANGUAGE_STANDARD = "gnu++20";
				CLANG_ENABLE_MODULES = YES;
				CLANG_ENABLE_OBJC_ARC = YES;
				CLANG_ENABLE_OBJC_WEAK = YES;
				CLANG_WARN_BLOCK_CAPTURE_AUTORELEASING = YES;
				CLANG_WARN_BOOL_CONVERSION = YES;
				CLANG_WARN_COMMA = YES;
				CLANG_WARN_CONSTANT_CONVERSION = YES;
				CLANG_WARN_DEPRECATED_OBJC_IMPLEMENTATIONS = YES;
				CLANG_WARN_DIRECT_OBJC_ISA_USAGE = YES_ERROR;
				CLANG_WARN_DOCUMENTATION_COMMENTS = YES;
				CLANG_WARN_EMPTY_BODY = YES;
				CLANG_WARN_ENUM_CONVERSION = YES;
				CLANG_WARN_INFINITE_RECURSION = YES;
				CLANG_WARN_INT_CONVERSION = YES;
				CLANG_WARN_NON_LITERAL_NULL_CONVERSION = YES;
				CLANG_WARN_OBJC_IMPLICIT_RETAIN_SELF = YES;
				CLANG_WARN_OBJC_LITERAL_CONVERSION = YES;
				CLANG_WARN_OBJC_ROOT_CLASS = YES_ERROR;
				CLANG_WARN_QUOTED_INCLUDE_IN_FRAMEWORK_HEADER = YES;
				CLANG_WARN_RANGE_LOOP_ANALYSIS = YES;
				CLANG_WARN_STRICT_PROTOTYPES = YES;
				CLANG_WARN_SUSPICIOUS_MOVE = YES;
				CLANG_WARN_UNGUARDED_AVAILABILITY = YES_AGGRESSIVE;
				CLANG_WARN_UNREACHABLE_CODE = YES;
				CLANG_WARN__DUPLICATE_METHOD_MATCH = YES;
				COPY_PHASE_STRIP = NO;
				DEBUG_INFORMATION_FORMAT = "dwarf-with-dsym";
				ENABLE_NS_ASSERTIONS = NO;
				ENABLE_STRICT_OBJC_MSGSEND = YES;
				ENABLE_USER_SCRIPT_SANDBOXING = YES;
				GCC_C_LANGUAGE_STANDARD = gnu17;
				GCC_NO_COMMON_BLOCKS = YES;
				GCC_WARN_64_TO_32_BIT_CONVERSION = YES;
				GCC_WARN_ABOUT_RETURN_TYPE = YES_ERROR;
				GCC_WARN_UNDECLARED_SELECTOR = YES;
				GCC_WARN_UNINITIALIZED_AUTOS = YES_AGGRESSIVE;
				GCC_WARN_UNUSED_FUNCTION = YES;
				GCC_WARN_UNUSED_VARIABLE = YES;
				IPHONEOS_DEPLOYMENT_TARGET = 17.0;
				LOCALIZATION_PREFERS_STRING_CATALOGS = YES;
				MTL_ENABLE_DEBUG_INFO = NO;
				MTL_FAST_MATH = YES;
				SDKROOT = iphoneos;
				SWIFT_COMPILATION_MODE = wholemodule;
				SWIFT_VERSION = 5.0;
				VALIDATE_PRODUCT = YES;
			};
			name = Release;
		};
		9900000000000003 /* Debug */ = {
			isa = XCBuildConfiguration;
			buildSettings = {
				ASSETCATALOG_COMPILER_APPICON_NAME = AppIcon;
				ASSETCATALOG_COMPILER_GLOBAL_ACCENT_COLOR_NAME = AccentColor;
				CODE_SIGN_STYLE = Automatic;
				CURRENT_PROJECT_VERSION = 1;
				DEVELOPMENT_ASSET_PATHS = "";
				ENABLE_PREVIEWS = YES;
				GENERATE_INFOPLIST_FILE = YES;
				INFOPLIST_FILE = ItaliaPassport/Info.plist;
				INFOPLIST_KEY_CFBundleDisplayName = "Italia Passport";
				INFOPLIST_KEY_LSApplicationCategoryType = "public.app-category.travel";
				INFOPLIST_KEY_UIApplicationSceneManifest_Generation = YES;
				INFOPLIST_KEY_UIApplicationSupportsIndirectInputEvents = YES;
				INFOPLIST_KEY_UILaunchScreen_Generation = YES;
				INFOPLIST_KEY_UISupportedInterfaceOrientations_iPad = "UIInterfaceOrientationPortrait UIInterfaceOrientationPortraitUpsideDown UIInterfaceOrientationLandscapeLeft UIInterfaceOrientationLandscapeRight";
				INFOPLIST_KEY_UISupportedInterfaceOrientations_iPhone = "UIInterfaceOrientationPortrait UIInterfaceOrientationLandscapeLeft UIInterfaceOrientationLandscapeRight";
				LD_RUNPATH_SEARCH_PATHS = (
					"$(inherited)",
					"@executable_path/Frameworks",
				);
				MARKETING_VERSION = 1.0.0;
				PRODUCT_BUNDLE_IDENTIFIER = com.example.ItaliaPassport;
				PRODUCT_NAME = "$(TARGET_NAME)";
				SWIFT_EMIT_LOC_STRINGS = YES;
				SWIFT_STRICT_CONCURRENCY = complete;
				SWIFT_VERSION = 5.0;
				TARGETED_DEVICE_FAMILY = "1,2";
			};
			name = Debug;
		};
		9900000000000004 /* Release */ = {
			isa = XCBuildConfiguration;
			buildSettings = {
				ASSETCATALOG_COMPILER_APPICON_NAME = AppIcon;
				ASSETCATALOG_COMPILER_GLOBAL_ACCENT_COLOR_NAME = AccentColor;
				CODE_SIGN_STYLE = Automatic;
				CURRENT_PROJECT_VERSION = 1;
				DEVELOPMENT_ASSET_PATHS = "";
				ENABLE_PREVIEWS = YES;
				GENERATE_INFOPLIST_FILE = YES;
				INFOPLIST_FILE = ItaliaPassport/Info.plist;
				INFOPLIST_KEY_CFBundleDisplayName = "Italia Passport";
				INFOPLIST_KEY_LSApplicationCategoryType = "public.app-category.travel";
				INFOPLIST_KEY_UIApplicationSceneManifest_Generation = YES;
				INFOPLIST_KEY_UIApplicationSupportsIndirectInputEvents = YES;
				INFOPLIST_KEY_UILaunchScreen_Generation = YES;
				INFOPLIST_KEY_UISupportedInterfaceOrientations_iPad = "UIInterfaceOrientationPortrait UIInterfaceOrientationPortraitUpsideDown UIInterfaceOrientationLandscapeLeft UIInterfaceOrientationLandscapeRight";
				INFOPLIST_KEY_UISupportedInterfaceOrientations_iPhone = "UIInterfaceOrientationPortrait UIInterfaceOrientationLandscapeLeft UIInterfaceOrientationLandscapeRight";
				LD_RUNPATH_SEARCH_PATHS = (
					"$(inherited)",
					"@executable_path/Frameworks",
				);
				MARKETING_VERSION = 1.0.0;
				PRODUCT_BUNDLE_IDENTIFIER = com.example.ItaliaPassport;
				PRODUCT_NAME = "$(TARGET_NAME)";
				SWIFT_EMIT_LOC_STRINGS = YES;
				SWIFT_STRICT_CONCURRENCY = complete;
				SWIFT_VERSION = 5.0;
				TARGETED_DEVICE_FAMILY = "1,2";
			};
			name = Release;
		};
/* End XCBuildConfiguration section */

/* Begin XCConfigurationList section */
		7700000000000001 /* Build configuration list for PBXNativeTarget "ItaliaPassport" */ = {
			isa = XCConfigurationList;
			buildConfigurations = (
				9900000000000003 /* Debug */,
				9900000000000004 /* Release */,
			);
			defaultConfigurationIsVisible = 0;
			defaultConfigurationName = Release;
		};
		7700000000000002 /* Build configuration list for PBXProject "ItaliaPassport" */ = {
			isa = XCConfigurationList;
			buildConfigurations = (
				9900000000000001 /* Debug */,
				9900000000000002 /* Release */,
			);
			defaultConfigurationIsVisible = 0;
			defaultConfigurationName = Release;
		};
/* End XCConfigurationList section */
	};
	rootObject = 8800000000000001 /* Project object */;
}
